
Microsoft Visual Studio Solution File, Format Version 12.00
# Visual Studio Version 17
VisualStudioVersion = 17.0.31903.59
MinimumVisualStudioVersion = 10.0.40219.1
Project("{FAE04EC0-301F-11D3-BF4B-00C04F79EFBC}") = "PaLX.Client", "PaLX.Client\PaLX.Client.csproj", "{C0343EC6-7637-4CA8-A99B-9CAAEE17B5B3}"
EndProject
Project("{FAE04EC0-301F-11D3-BF4B-00C04F79EFBC}") = "PaLX.Admin", "PaLX.Admin\PaLX.Admin.csproj", "{D92778C0-BA1D-4034-AB02-AA91D1B0AC21}"
EndProject
Project("{FAE04EC0-301F-11D3-BF4B-00C04F79EFBC}") = "PaLX.API", "PaLX.API\PaLX.API.csproj", "{4EF376AF-EC7F-45CE-BDB2-4F60D3D47D38}"
EndProject
Project("{FAE04EC0-301F-11D3-BF4B-00C04F79EFBC}") = "PaLX.Launcher", "PaLX.Launcher\PaLX.Launcher.csproj", "{3E8149F4-6191-4AC7-AE55-437843372640}"
EndProject
Global
	GlobalSection(SolutionConfigurationPlatforms) = preSolution
		Debug|Any CPU = Debug|Any CPU
		Debug|x64 = Debug|x64
		Debug|x86 = Debug|x86
		Release|Any CPU = Release|Any CPU
		Release|x64 = Release|x64
		Release|x86 = Release|x86
	EndGlobalSection
	GlobalSection(ProjectConfigurationPlatforms) = postSolution
		{C0343EC6-7637-4CA8-A99B-9CAAEE17B5B3}.Debug|Any CPU.ActiveCfg = Debug|Any CPU
		{C0343EC6-7637-4CA8-A99B-9CAAEE17B5B3}.Debug|Any CPU.Build.0 = Debug|Any CPU
		{C0343EC6-7637-4CA8-A99B-9CAAEE17B5B3}.Debug|x64.ActiveCfg = Debug|Any CPU
		{C0343EC6-7637-4CA8-A99B-9CAAEE17B5B3}.Debug|x64.Build.0 = Debug|Any CPU
		{C0343EC6-7637-4CA8-A99B-9CAAEE17B5B3}.Debug|x86.ActiveCfg = Debug|Any CPU
		{C0343EC6-7637-4CA8-A99B-9CAAEE17B5B3}.Debug|x86.Build.0 = Debug|Any CPU
		{C0343EC6-7637-4CA8-A99B-9CAAEE17B5B3}.Release|Any CPU.ActiveCfg = Release|Any CPU
		{C0343EC6-7637-4CA8-A99B-9CAAEE17B5B3}.Release|Any CPU.Build.0 = Release|Any CPU
		{C0343EC6-7637-4CA8-A99B-9CAAEE17B5B3}.Release|x64.ActiveCfg = Release|Any CPU
		{C0343EC6-7637-4CA8-A99B-9CAAEE17B5B3}.Release|x64.Build.0 = Release|Any CPU
		{C0343EC6-7637-4CA8-A99B-9CAAEE17B5B3}.Release|x86.ActiveCfg = Release|Any CPU
		{C0343EC6-7637-4CA8-A99B-9CAAEE17B5B3}.Release|x86.Build.0 = Release|Any CPU
		{D92778C0-BA1D-4034-AB02-AA91D1B0AC21}.Debug|Any CPU.ActiveCfg = Debug|Any CPU
		{D92778C0-BA1D-4034-AB02-AA91D1B0AC21}.Debug|Any CPU.Build.0 = Debug|Any CPU
		{D92778C0-BA1D-4034-AB02-AA91D1B0AC21}.Debug|x64.ActiveCfg = Debug|Any CPU
		{D92778C0-BA1D-4034-AB02-AA91D1B0AC21}.Debug|x64.Build.0 = Debug|Any CPU
		{D92778C0-BA1D-4034-AB02-AA91D1B0AC21}.Debug|x86.ActiveCfg = Debug|Any CPU
		{D92778C0-BA1D-4034-AB02-AA91D1B0AC21}.Debug|x86.Build.0 = Debug|Any CPU
		{D92778C0-BA1D-4034-AB02-AA91D1B0AC21}.Release|Any CPU.ActiveCfg = Release|Any CPU
		{D92778C0-BA1D-4034-AB02-AA91D1B0AC21}.Release|Any CPU.Build.0 = Release|Any CPU
		{D92778C0-BA1D-4034-AB02-AA91D1B0AC21}.Release|x64.ActiveCfg = Release|Any CPU
		{D92778C0-BA1D-4034-AB02-AA91D1B0AC21}.Release|x64.Build.0 = Release|Any CPU
		{D92778C0-BA1D-4034-AB02-AA91D1B0AC21}.Release|x86.ActiveCfg = Release|Any CPU
		{D92778C0-BA1D-4034-AB02-AA91D1B0AC21}.Release|x86.Build.0 = Release|Any CPU
		{4EF376AF-EC7F-45CE-BDB2-4F60D3D47D38}.Debug|Any CPU.ActiveCfg = Debug|Any CPU
		{4EF376AF-EC7F-45CE-BDB2-4F60D3D47D38}.Debug|Any CPU.Build.0 = Debug|Any CPU
		{4EF376AF-EC7F-45CE-BDB2-4F60D3D47D38}.Debug|x64.ActiveCfg = Debug|Any CPU
		{4EF376AF-EC7F-45CE-BDB2-4F60D3D47D38}.Debug|x64.Build.0 = Debug|Any CPU
		{4EF376AF-EC7F-45CE-BDB2-4F60D3D47D38}.Debug|x86.ActiveCfg = Debug|Any CPU
		{4EF376AF-EC7F-45CE-BDB2-4F60D3D47D38}.Debug|x86.Build.0 = Debug|Any CPU
		{4EF376AF-EC7F-45CE-BDB2-4F60D3D47D38}.Release|Any CPU.ActiveCfg = Release|Any CPU
		{4EF376AF-EC7F-45CE-BDB2-4F60D3D47D38}.Release|Any CPU.Build.0 = Release|Any CPU
		{4EF376AF-EC7F-45CE-BDB2-4F60D3D47D38}.Release|x64.ActiveCfg = Release|Any CPU
		{4EF376AF-EC7F-45CE-BDB2-4F60D3D47D38}.Release|x64.Build.0 = Release|Any CPU
		{4EF376AF-EC7F-45CE-BDB2-4F60D3D47D38}.Release|x86.ActiveCfg = Release|Any CPU
		{4EF376AF-EC7F-45CE-BDB2-4F60D3D47D38}.Release|x86.Build.0 = Release|Any CPU
		{3E8149F4-6191-4AC7-AE55-437843372640}.Debug|Any CPU.ActiveCfg = Debug|Any CPU
		{3E8149F4-6191-4AC7-AE55-437843372640}.Debug|Any CPU.Build.0 = Debug|Any CPU
		{3E8149F4-6191-4AC7-AE55-437843372640}.Debug|x64.ActiveCfg = Debug|Any CPU
		{3E8149F4-6191-4AC7-AE55-437843372640}.Debug|x64.Build.0 = Debug|Any CPU
		{3E8149F4-6191-4AC7-AE55-437843372640}.Debug|x86.ActiveCfg = Debug|Any CPU
		{3E8149F4-6191-4AC7-AE55-437843372640}.Debug|x86.Build.0 = Debug|Any CPU
		{3E8149F4-6191-4AC7-AE55-437843372640}.Release|Any CPU.ActiveCfg = Release|Any CPU
		{3E8149F4-6191-4AC7-AE55-437843372640}.Release|Any CPU.Build.0 = Release|Any CPU
		{3E8149F4-6191-4AC7-AE55-437843372640}.Release|x64.ActiveCfg = Release|Any CPU
		{3E8149F4-6191-4AC7-AE55-437843372640}.Release|x64.Build.0 = Release|Any CPU
		{3E8149F4-6191-4AC7-AE55-437843372640}.Release|x86.ActiveCfg = Release|Any CPU
		{3E8149F4-6191-4AC7-AE55-437843372640}.Release|x86.Build.0 = Release|Any CPU
	EndGlobalSection
	GlobalSection(SolutionProperties) = preSolution
		HideSolutionNode = FALSE
	EndGlobalSection
EndGlobal
